
Microsoft Visual Studio Solution File, Format Version 12.00
# Visual Studio Version 16
VisualStudioVersion = 16.0.31205.134
MinimumVisualStudioVersion = 10.0.40219.1
Project("{FAE04EC0-301F-11D3-BF4B-00C04F79EFBC}") = "citasmedicas", "citasmedicas.csproj", "{EB6ADD4E-5494-4371-9D38-C8B63E84D559}"
EndProject
Global
	GlobalSection(SolutionConfigurationPlatforms) = preSolution
		Debug|Any CPU = Debug|Any CPU
		Release|Any CPU = Release|Any CPU
	EndGlobalSection
	GlobalSection(ProjectConfigurationPlatforms) = postSolution
		{EB6ADD4E-5494-4371-9D38-C8B63E84D559}.Debug|Any CPU.ActiveCfg = Debug|Any CPU
		{EB6ADD4E-5494-4371-9D38-C8B63E84D559}.Debug|Any CPU.Build.0 = Debug|Any CPU
		{EB6ADD4E-5494-4371-9D38-C8B63E84D559}.Release|Any CPU.ActiveCfg = Release|Any CPU
		{EB6ADD4E-5494-4371-9D38-C8B63E84D559}.Release|Any CPU.Build.0 = Release|Any CPU
	EndGlobalSection
	GlobalSection(SolutionProperties) = preSolution
		HideSolutionNode = FALSE
	EndGlobalSection
	GlobalSection(ExtensibilityGlobals) = postSolution
		SolutionGuid = {ADA5D6C1-5A88-4508-A0DF-735E4EDA44D8}
	EndGlobalSection
EndGlobal
